
Microsoft Visual Studio Solution File, Format Version 12.00
# Visual Studio Version 16
VisualStudioVersion = 16.0.31005.135
MinimumVisualStudioVersion = 10.0.40219.1
Project("{8BC9CEB8-8B4A-11D0-8D11-00A0C91BC942}") = "SoftQA_Polygons30", "SoftQA_Polygons30\SoftQA_Polygons30.vcxproj", "{6A258597-A3F7-4BCC-9A59-066DD2E12A8F}"
EndProject
Project("{8BC9CEB8-8B4A-11D0-8D11-00A0C91BC942}") = "isPolygonConvexTest", "isPolygonConvexTest\isPolygonConvexTest.vcxproj", "{9538D144-DA7B-4AEE-8E21-DCB52A4BD5AC}"
	ProjectSection(ProjectDependencies) = postProject
		{6A258597-A3F7-4BCC-9A59-066DD2E12A8F} = {6A258597-A3F7-4BCC-9A59-066DD2E12A8F}
	EndProjectSection
EndProject
Project("{8BC9CEB8-8B4A-11D0-8D11-00A0C91BC942}") = "isPointInPolygonTest", "isPointInPolygonTest\isPointInPolygonTest.vcxproj", "{CF389CC8-A121-4065-8055-A40716FDD65D}"
EndProject
Project("{8BC9CEB8-8B4A-11D0-8D11-00A0C91BC942}") = "isIntersectionPointAlreadyInVectorTest", "isIntersectionPointAlreadyInVectorTest\isIntersectionPointAlreadyInVectorTest.vcxproj", "{CBF05AF9-DD88-4E7C-81F6-1A34453C6985}"
EndProject
Global
	GlobalSection(SolutionConfigurationPlatforms) = preSolution
		Debug|x64 = Debug|x64
		Debug|x86 = Debug|x86
		Release|x64 = Release|x64
		Release|x86 = Release|x86
	EndGlobalSection
	GlobalSection(ProjectConfigurationPlatforms) = postSolution
		{6A258597-A3F7-4BCC-9A59-066DD2E12A8F}.Debug|x64.ActiveCfg = Debug|x64
		{6A258597-A3F7-4BCC-9A59-066DD2E12A8F}.Debug|x64.Build.0 = Debug|x64
		{6A258597-A3F7-4BCC-9A59-066DD2E12A8F}.Debug|x86.ActiveCfg = Debug|Win32
		{6A258597-A3F7-4BCC-9A59-066DD2E12A8F}.Debug|x86.Build.0 = Debug|Win32
		{6A258597-A3F7-4BCC-9A59-066DD2E12A8F}.Release|x64.ActiveCfg = Release|x64
		{6A258597-A3F7-4BCC-9A59-066DD2E12A8F}.Release|x64.Build.0 = Release|x64
		{6A258597-A3F7-4BCC-9A59-066DD2E12A8F}.Release|x86.ActiveCfg = Release|Win32
		{6A258597-A3F7-4BCC-9A59-066DD2E12A8F}.Release|x86.Build.0 = Release|Win32
		{9538D144-DA7B-4AEE-8E21-DCB52A4BD5AC}.Debug|x64.ActiveCfg = Debug|x64
		{9538D144-DA7B-4AEE-8E21-DCB52A4BD5AC}.Debug|x64.Build.0 = Debug|x64
		{9538D144-DA7B-4AEE-8E21-DCB52A4BD5AC}.Debug|x86.ActiveCfg = Debug|Win32
		{9538D144-DA7B-4AEE-8E21-DCB52A4BD5AC}.Debug|x86.Build.0 = Debug|Win32
		{9538D144-DA7B-4AEE-8E21-DCB52A4BD5AC}.Release|x64.ActiveCfg = Release|x64
		{9538D144-DA7B-4AEE-8E21-DCB52A4BD5AC}.Release|x64.Build.0 = Release|x64
		{9538D144-DA7B-4AEE-8E21-DCB52A4BD5AC}.Release|x86.ActiveCfg = Release|Win32
		{9538D144-DA7B-4AEE-8E21-DCB52A4BD5AC}.Release|x86.Build.0 = Release|Win32
		{CF389CC8-A121-4065-8055-A40716FDD65D}.Debug|x64.ActiveCfg = Debug|x64
		{CF389CC8-A121-4065-8055-A40716FDD65D}.Debug|x64.Build.0 = Debug|x64
		{CF389CC8-A121-4065-8055-A40716FDD65D}.Debug|x86.ActiveCfg = Debug|Win32
		{CF389CC8-A121-4065-8055-A40716FDD65D}.Debug|x86.Build.0 = Debug|Win32
		{CF389CC8-A121-4065-8055-A40716FDD65D}.Release|x64.ActiveCfg = Release|x64
		{CF389CC8-A121-4065-8055-A40716FDD65D}.Release|x64.Build.0 = Release|x64
		{CF389CC8-A121-4065-8055-A40716FDD65D}.Release|x86.ActiveCfg = Release|Win32
		{CF389CC8-A121-4065-8055-A40716FDD65D}.Release|x86.Build.0 = Release|Win32
		{CBF05AF9-DD88-4E7C-81F6-1A34453C6985}.Debug|x64.ActiveCfg = Debug|x64
		{CBF05AF9-DD88-4E7C-81F6-1A34453C6985}.Debug|x64.Build.0 = Debug|x64
		{CBF05AF9-DD88-4E7C-81F6-1A34453C6985}.Debug|x86.ActiveCfg = Debug|Win32
		{CBF05AF9-DD88-4E7C-81F6-1A34453C6985}.Debug|x86.Build.0 = Debug|Win32
		{CBF05AF9-DD88-4E7C-81F6-1A34453C6985}.Release|x64.ActiveCfg = Release|x64
		{CBF05AF9-DD88-4E7C-81F6-1A34453C6985}.Release|x64.Build.0 = Release|x64
		{CBF05AF9-DD88-4E7C-81F6-1A34453C6985}.Release|x86.ActiveCfg = Release|Win32
		{CBF05AF9-DD88-4E7C-81F6-1A34453C6985}.Release|x86.Build.0 = Release|Win32
	EndGlobalSection
	GlobalSection(SolutionProperties) = preSolution
		HideSolutionNode = FALSE
	EndGlobalSection
	GlobalSection(ExtensibilityGlobals) = postSolution
		SolutionGuid = {1A637172-B2E5-40F1-8C44-1961BA111669}
	EndGlobalSection
EndGlobal
